
Microsoft Visual Studio Solution File, Format Version 12.00
# Visual Studio 15
VisualStudioVersion = 15.0.27130.2010
MinimumVisualStudioVersion = 10.0.40219.1
Project("{9A19103F-16F7-4668-BE54-9A1E7A4F7556}") = "Caesar", "Caesar\Caesar.csproj", "{98CA0DC2-9C48-4669-B02B-0A4D37E78282}"
EndProject
Project("{9A19103F-16F7-4668-BE54-9A1E7A4F7556}") = "XUnitTestProject1", "XUnitTestProject1\XUnitTestProject1.csproj", "{B708D621-BDCE-4265-80BC-F6728EC2D795}"
EndProject
Project("{9A19103F-16F7-4668-BE54-9A1E7A4F7556}") = "SwitchCase", "SwitchCase\SwitchCase.csproj", "{AB2340B6-316B-4B63-9360-7770DA1DC9D6}"
EndProject
Project("{FAE04EC0-301F-11D3-BF4B-00C04F79EFBC}") = "__Test", "__Test\__Test.csproj", "{D5C92C2B-E5EF-4D60-9EAA-D5553952706D}"
EndProject
Global
	GlobalSection(SolutionConfigurationPlatforms) = preSolution
		Debug|Any CPU = Debug|Any CPU
		Release|Any CPU = Release|Any CPU
	EndGlobalSection
	GlobalSection(ProjectConfigurationPlatforms) = postSolution
		{98CA0DC2-9C48-4669-B02B-0A4D37E78282}.Debug|Any CPU.ActiveCfg = Debug|Any CPU
		{98CA0DC2-9C48-4669-B02B-0A4D37E78282}.Debug|Any CPU.Build.0 = Debug|Any CPU
		{98CA0DC2-9C48-4669-B02B-0A4D37E78282}.Release|Any CPU.ActiveCfg = Release|Any CPU
		{98CA0DC2-9C48-4669-B02B-0A4D37E78282}.Release|Any CPU.Build.0 = Release|Any CPU
		{B708D621-BDCE-4265-80BC-F6728EC2D795}.Debug|Any CPU.ActiveCfg = Debug|Any CPU
		{B708D621-BDCE-4265-80BC-F6728EC2D795}.Debug|Any CPU.Build.0 = Debug|Any CPU
		{B708D621-BDCE-4265-80BC-F6728EC2D795}.Release|Any CPU.ActiveCfg = Release|Any CPU
		{B708D621-BDCE-4265-80BC-F6728EC2D795}.Release|Any CPU.Build.0 = Release|Any CPU
		{AB2340B6-316B-4B63-9360-7770DA1DC9D6}.Debug|Any CPU.ActiveCfg = Debug|Any CPU
		{AB2340B6-316B-4B63-9360-7770DA1DC9D6}.Debug|Any CPU.Build.0 = Debug|Any CPU
		{AB2340B6-316B-4B63-9360-7770DA1DC9D6}.Release|Any CPU.ActiveCfg = Release|Any CPU
		{AB2340B6-316B-4B63-9360-7770DA1DC9D6}.Release|Any CPU.Build.0 = Release|Any CPU
		{D5C92C2B-E5EF-4D60-9EAA-D5553952706D}.Debug|Any CPU.ActiveCfg = Debug|Any CPU
		{D5C92C2B-E5EF-4D60-9EAA-D5553952706D}.Debug|Any CPU.Build.0 = Debug|Any CPU
		{D5C92C2B-E5EF-4D60-9EAA-D5553952706D}.Release|Any CPU.ActiveCfg = Release|Any CPU
		{D5C92C2B-E5EF-4D60-9EAA-D5553952706D}.Release|Any CPU.Build.0 = Release|Any CPU
	EndGlobalSection
	GlobalSection(SolutionProperties) = preSolution
		HideSolutionNode = FALSE
	EndGlobalSection
	GlobalSection(ExtensibilityGlobals) = postSolution
		SolutionGuid = {1738C971-43C2-4904-AF93-963BB3DB3298}
	EndGlobalSection
EndGlobal
